// !$*UTF8*$!
{
	archiveVersion = 1;
	classes = {
	};
	objectVersion = 46;
	objects = {

/* Begin PBXBuildFile section */
		AD76099E1E6F35B90018B050 /* AppDelegate.swift in Sources */ = {isa = PBXBuildFile; fileRef = AD76099D1E6F35B90018B050 /* AppDelegate.swift */; };
		AD7609A01E6F35B90018B050 /* ViewController.swift in Sources */ = {isa = PBXBuildFile; fileRef = AD76099F1E6F35B90018B050 /* ViewController.swift */; };
		AD7609A31E6F35B90018B050 /* Main.storyboard in Resources */ = {isa = PBXBuildFile; fileRef = AD7609A11E6F35B90018B050 /* Main.storyboard */; };
		AD7609A51E6F35B90018B050 /* Assets.xcassets in Resources */ = {isa = PBXBuildFile; fileRef = AD7609A41E6F35B90018B050 /* Assets.xcassets */; };
		AD7609A81E6F35B90018B050 /* LaunchScreen.storyboard in Resources */ = {isa = PBXBuildFile; fileRef = AD7609A61E6F35B90018B050 /* LaunchScreen.storyboard */; };
		AD7609B31E6F35B90018B050 /* Tip_CalculatorTests.swift in Sources */ = {isa = PBXBuildFile; fileRef = AD7609B21E6F35B90018B050 /* Tip_CalculatorTests.swift */; };
		AD7609BE1E6F35B90018B050 /* Tip_CalculatorUITests.swift in Sources */ = {isa = PBXBuildFile; fileRef = AD7609BD1E6F35B90018B050 /* Tip_CalculatorUITests.swift */; };
		AD7609D01E6F80640018B050 /* SettingsViewController.swift in Sources */ = {isa = PBXBuildFile; fileRef = AD7609CF1E6F80640018B050 /* SettingsViewController.swift */; };
/* End PBXBuildFile section */

/* Begin PBXContainerItemProxy section */
		AD7609AF1E6F35B90018B050 /* PBXContainerItemProxy */ = {
			isa = PBXContainerItemProxy;
			containerPortal = AD7609921E6F35B90018B050 /* Project object */;
			proxyType = 1;
			remoteGlobalIDString = AD7609991E6F35B90018B050;
			remoteInfo = "Tip Calculator";
		};
		AD7609BA1E6F35B90018B050 /* PBXContainerItemProxy */ = {
			isa = PBXContainerItemProxy;
			containerPortal = AD7609921E6F35B90018B050 /* Project object */;
			proxyType = 1;
			remoteGlobalIDString = AD7609991E6F35B90018B050;
			remoteInfo = "Tip Calculator";
		};
/* End PBXContainerItemProxy section */

/* Begin PBXFileReference section */
		AD76099A1E6F35B90018B050 /* Tip Calculator.app */ = {isa = PBXFileReference; explicitFileType = wrapper.application; includeInIndex = 0; path = "Tip Calculator.app"; sourceTree = BUILT_PRODUCTS_DIR; };
		AD76099D1E6F35B90018B050 /* AppDelegate.swift */ = {isa = PBXFileReference; lastKnownFileType = sourcecode.swift; path = AppDelegate.swift; sourceTree = "<group>"; };
		AD76099F1E6F35B90018B050 /* ViewController.swift */ = {isa = PBXFileReference; lastKnownFileType = sourcecode.swift; path = ViewController.swift; sourceTree = "<group>"; };
		AD7609A21E6F35B90018B050 /* Base */ = {isa = PBXFileReference; lastKnownFileType = file.storyboard; name = Base; path = Base.lproj/Main.storyboard; sourceTree = "<group>"; };
		AD7609A41E6F35B90018B050 /* Assets.xcassets */ = {isa = PBXFileReference; lastKnownFileType = folder.assetcatalog; path = Assets.xcassets; sourceTree = "<group>"; };
		AD7609A71E6F35B90018B050 /* Base */ = {isa = PBXFileReference; lastKnownFileType = file.storyboard; name = Base; path = Base.lproj/LaunchScreen.storyboard; sourceTree = "<group>"; };
		AD7609A91E6F35B90018B050 /* Info.plist */ = {isa = PBXFileReference; lastKnownFileType = text.plist.xml; path = Info.plist; sourceTree = "<group>"; };
		AD7609AE1E6F35B90018B050 /* Tip CalculatorTests.xctest */ = {isa = PBXFileReference; explicitFileType = wrapper.cfbundle; includeInIndex = 0; path = "Tip CalculatorTests.xctest"; sourceTree = BUILT_PRODUCTS_DIR; };
		AD7609B21E6F35B90018B050 /* Tip_CalculatorTests.swift */ = {isa = PBXFileReference; lastKnownFileType = sourcecode.swift; path = Tip_CalculatorTests.swift; sourceTree = "<group>"; };
		AD7609B41E6F35B90018B050 /* Info.plist */ = {isa = PBXFileReference; lastKnownFileType = text.plist.xml; path = Info.plist; sourceTree = "<group>"; };
		AD7609B91E6F35B90018B050 /* Tip CalculatorUITests.xctest */ = {isa = PBXFileReference; explicitFileType = wrapper.cfbundle; includeInIndex = 0; path = "Tip CalculatorUITests.xctest"; sourceTree = BUILT_PRODUCTS_DIR; };
		AD7609BD1E6F35B90018B050 /* Tip_CalculatorUITests.swift */ = {isa = PBXFileReference; lastKnownFileType = sourcecode.swift; path = Tip_CalculatorUITests.swift; sourceTree = "<group>"; };
		AD7609BF1E6F35B90018B050 /* Info.plist */ = {isa = PBXFileReference; lastKnownFileType = text.plist.xml; path = Info.plist; sourceTree = "<group>"; };
		AD7609CF1E6F80640018B050 /* SettingsViewController.swift */ = {isa = PBXFileReference; fileEncoding = 4; lastKnownFileType = sourcecode.swift; name = SettingsViewController.swift; path = ../SettingsViewController.swift; sourceTree = "<group>"; };
/* End PBXFileReference section */

/* Begin PBXFrameworksBuildPhase section */
		AD7609971E6F35B90018B050 /* Frameworks */ = {
			isa = PBXFrameworksBuildPhase;
			buildActionMask = 2147483647;
			files = (
			);
			runOnlyForDeploymentPostprocessing = 0;
		};
		AD7609AB1E6F35B90018B050 /* Frameworks */ = {
			isa = PBXFrameworksBuildPhase;
			buildActionMask = 2147483647;
			files = (
			);
			runOnlyForDeploymentPostprocessing = 0;
		};
		AD7609B61E6F35B90018B050 /* Frameworks */ = {
			isa = PBXFrameworksBuildPhase;
			buildActionMask = 2147483647;
			files = (
			);
			runOnlyForDeploymentPostprocessing = 0;
		};
/* End PBXFrameworksBuildPhase section */

/* Begin PBXGroup section */
		AD7609911E6F35B90018B050 = {
			isa = PBXGroup;
			children = (
				AD76099C1E6F35B90018B050 /* Tip Calculator */,
				AD7609B11E6F35B90018B050 /* Tip CalculatorTests */,
				AD7609BC1E6F35B90018B050 /* Tip CalculatorUITests */,
				AD76099B1E6F35B90018B050 /* Products */,
			);
			sourceTree = "<group>";
		};
		AD76099B1E6F35B90018B050 /* Products */ = {
			isa = PBXGroup;
			children = (
				AD76099A1E6F35B90018B050 /* Tip Calculator.app */,
				AD7609AE1E6F35B90018B050 /* Tip CalculatorTests.xctest */,
				AD7609B91E6F35B90018B050 /* Tip CalculatorUITests.xctest */,
			);
			name = Products;
			sourceTree = "<group>";
		};
		AD76099C1E6F35B90018B050 /* Tip Calculator */ = {
			isa = PBXGroup;
			children = (
				AD7609CF1E6F80640018B050 /* SettingsViewController.swift */,
				AD76099D1E6F35B90018B050 /* AppDelegate.swift */,
				AD76099F1E6F35B90018B050 /* ViewController.swift */,
				AD7609A11E6F35B90018B050 /* Main.storyboard */,
				AD7609A41E6F35B90018B050 /* Assets.xcassets */,
				AD7609A61E6F35B90018B050 /* LaunchScreen.storyboard */,
				AD7609A91E6F35B90018B050 /* Info.plist */,
			);
			path = "Tip Calculator";
			sourceTree = "<group>";
		};
		AD7609B11E6F35B90018B050 /* Tip CalculatorTests */ = {
			isa = PBXGroup;
			children = (
				AD7609B21E6F35B90018B050 /* Tip_CalculatorTests.swift */,
				AD7609B41E6F35B90018B050 /* Info.plist */,
			);
			path = "Tip CalculatorTests";
			sourceTree = "<group>";
		};
		AD7609BC1E6F35B90018B050 /* Tip CalculatorUITests */ = {
			isa = PBXGroup;
			children = (
				AD7609BD1E6F35B90018B050 /* Tip_CalculatorUITests.swift */,
				AD7609BF1E6F35B90018B050 /* Info.plist */,
			);
			path = "Tip CalculatorUITests";
			sourceTree = "<group>";
		};
/* End PBXGroup section */

/* Begin PBXNativeTarget section */
		AD7609991E6F35B90018B050 /* Tip Calculator */ = {
			isa = PBXNativeTarget;
			buildConfigurationList = AD7609C21E6F35B90018B050 /* Build configuration list for PBXNativeTarget "Tip Calculator" */;
			buildPhases = (
				AD7609961E6F35B90018B050 /* Sources */,
				AD7609971E6F35B90018B050 /* Frameworks */,
				AD7609981E6F35B90018B050 /* Resources */,
			);
			buildRules = (
			);
			dependencies = (
			);
			name = "Tip Calculator";
			productName = "Tip Calculator";
			productReference = AD76099A1E6F35B90018B050 /* Tip Calculator.app */;
			productType = "com.apple.product-type.application";
		};
		AD7609AD1E6F35B90018B050 /* Tip CalculatorTests */ = {
			isa = PBXNativeTarget;
			buildConfigurationList = AD7609C51E6F35B90018B050 /* Build configuration list for PBXNativeTarget "Tip CalculatorTests" */;
			buildPhases = (
				AD7609AA1E6F35B90018B050 /* Sources */,
				AD7609AB1E6F35B90018B050 /* Frameworks */,
				AD7609AC1E6F35B90018B050 /* Resources */,
			);
			buildRules = (
			);
			dependencies = (
				AD7609B01E6F35B90018B050 /* PBXTargetDependency */,
			);
			name = "Tip CalculatorTests";
			productName = "Tip CalculatorTests";
			productReference = AD7609AE1E6F35B90018B050 /* Tip CalculatorTests.xctest */;
			productType = "com.apple.product-type.bundle.unit-test";
		};
		AD7609B81E6F35B90018B050 /* Tip CalculatorUITests */ = {
			isa = PBXNativeTarget;
			buildConfigurationList = AD7609C81E6F35B90018B050 /* Build configuration list for PBXNativeTarget "Tip CalculatorUITests" */;
			buildPhases = (
				AD7609B51E6F35B90018B050 /* Sources */,
				AD7609B61E6F35B90018B050 /* Frameworks */,
				AD7609B71E6F35B90018B050 /* Resources */,
			);
			buildRules = (
			);
			dependencies = (
				AD7609BB1E6F35B90018B050 /* PBXTargetDependency */,
			);
			name = "Tip CalculatorUITests";
			productName = "Tip CalculatorUITests";
			productReference = AD7609B91E6F35B90018B050 /* Tip CalculatorUITests.xctest */;
			productType = "com.apple.product-type.bundle.ui-testing";
		};
/* End PBXNativeTarget section */

/* Begin PBXProject section */
		AD7609921E6F35B90018B050 /* Project object */ = {
			isa = PBXProject;
			attributes = {
				LastSwiftUpdateCheck = 0820;
				LastUpgradeCheck = 0820;
				ORGANIZATIONNAME = "Annamalai Muthappan";
				TargetAttributes = {
					AD7609991E6F35B90018B050 = {
						CreatedOnToolsVersion = 8.2.1;
						ProvisioningStyle = Automatic;
					};
					AD7609AD1E6F35B90018B050 = {
						CreatedOnToolsVersion = 8.2.1;
						ProvisioningStyle = Automatic;
						TestTargetID = AD7609991E6F35B90018B050;
					};
					AD7609B81E6F35B90018B050 = {
						CreatedOnToolsVersion = 8.2.1;
						ProvisioningStyle = Automatic;
						TestTargetID = AD7609991E6F35B90018B050;
					};
				};
			};
			buildConfigurationList = AD7609951E6F35B90018B050 /* Build configuration list for PBXProject "Tip Calculator" */;
			compatibilityVersion = "Xcode 3.2";
			developmentRegion = English;
			hasScannedForEncodings = 0;
			knownRegions = (
				en,
				Base,
			);
			mainGroup = AD7609911E6F35B90018B050;
			productRefGroup = AD76099B1E6F35B90018B050 /* Products */;
			projectDirPath = "";
			projectRoot = "";
			targets = (
				AD7609991E6F35B90018B050 /* Tip Calculator */,
				AD7609AD1E6F35B90018B050 /* Tip CalculatorTests */,
				AD7609B81E6F35B90018B050 /* Tip CalculatorUITests */,
			);
		};
/* End PBXProject section */

/* Begin PBXResourcesBuildPhase section */
		AD7609981E6F35B90018B050 /* Resources */ = {
			isa = PBXResourcesBuildPhase;
			buildActionMask = 2147483647;
			files = (
				AD7609A81E6F35B90018B050 /* LaunchScreen.storyboard in Resources */,
				AD7609A51E6F35B90018B050 /* Assets.xcassets in Resources */,
				AD7609A31E6F35B90018B050 /* Main.storyboard in Resources */,
			);
			runOnlyForDeploymentPostprocessing = 0;
		};
		AD7609AC1E6F35B90018B050 /* Resources */ = {
			isa = PBXResourcesBuildPhase;
			buildActionMask = 2147483647;
			files = (
			);
			runOnlyForDeploymentPostprocessing = 0;
		};
		AD7609B71E6F35B90018B050 /* Resources */ = {
			isa = PBXResourcesBuildPhase;
			buildActionMask = 2147483647;
			files = (
			);
			runOnlyForDeploymentPostprocessing = 0;
		};
/* End PBXResourcesBuildPhase section */

/* Begin PBXSourcesBuildPhase section */
		AD7609961E6F35B90018B050 /* Sources */ = {
			isa = PBXSourcesBuildPhase;
			buildActionMask = 2147483647;
			files = (
				AD7609A01E6F35B90018B050 /* ViewController.swift in Sources */,
				AD76099E1E6F35B90018B050 /* AppDelegate.swift in Sources */,
				AD7609D01E6F80640018B050 /* SettingsViewController.swift in Sources */,
			);
			runOnlyForDeploymentPostprocessing = 0;
		};
		AD7609AA1E6F35B90018B050 /* Sources */ = {
			isa = PBXSourcesBuildPhase;
			buildActionMask = 2147483647;
			files = (
				AD7609B31E6F35B90018B050 /* Tip_CalculatorTests.swift in Sources */,
			);
			runOnlyForDeploymentPostprocessing = 0;
		};
		AD7609B51E6F35B90018B050 /* Sources */ = {
			isa = PBXSourcesBuildPhase;
			buildActionMask = 2147483647;
			files = (
				AD7609BE1E6F35B90018B050 /* Tip_CalculatorUITests.swift in Sources */,
			);
			runOnlyForDeploymentPostprocessing = 0;
		};
/* End PBXSourcesBuildPhase section */

/* Begin PBXTargetDependency section */
		AD7609B01E6F35B90018B050 /* PBXTargetDependency */ = {
			isa = PBXTargetDependency;
			target = AD7609991E6F35B90018B050 /* Tip Calculator */;
			targetProxy = AD7609AF1E6F35B90018B050 /* PBXContainerItemProxy */;
		};
		AD7609BB1E6F35B90018B050 /* PBXTargetDependency */ = {
			isa = PBXTargetDependency;
			target = AD7609991E6F35B90018B050 /* Tip Calculator */;
			targetProxy = AD7609BA1E6F35B90018B050 /* PBXContainerItemProxy */;
		};
/* End PBXTargetDependency section */

/* Begin PBXVariantGroup section */
		AD7609A11E6F35B90018B050 /* Main.storyboard */ = {
			isa = PBXVariantGroup;
			children = (
				AD7609A21E6F35B90018B050 /* Base */,
			);
			name = Main.storyboard;
			sourceTree = "<group>";
		};
		AD7609A61E6F35B90018B050 /* LaunchScreen.storyboard */ = {
			isa = PBXVariantGroup;
			children = (
				AD7609A71E6F35B90018B050 /* Base */,
			);
			name = LaunchScreen.storyboard;
			sourceTree = "<group>";
		};
/* End PBXVariantGroup section */

/* Begin XCBuildConfiguration section */
		AD7609C01E6F35B90018B050 /* Debug */ = {
			isa = XCBuildConfiguration;
			buildSettings = {
				ALWAYS_SEARCH_USER_PATHS = NO;
				CLANG_ANALYZER_NONNULL = YES;
				CLANG_CXX_LANGUAGE_STANDARD = "gnu++0x";
				CLANG_CXX_LIBRARY = "libc++";
				CLANG_ENABLE_MODULES = YES;
				CLANG_ENABLE_OBJC_ARC = YES;
				CLANG_WARN_BOOL_CONVERSION = YES;
				CLANG_WARN_CONSTANT_CONVERSION = YES;
				CLANG_WARN_DIRECT_OBJC_ISA_USAGE = YES_ERROR;
				CLANG_WARN_DOCUMENTATION_COMMENTS = YES;
				CLANG_WARN_EMPTY_BODY = YES;
				CLANG_WARN_ENUM_CONVERSION = YES;
				CLANG_WARN_INFINITE_RECURSION = YES;
				CLANG_WARN_INT_CONVERSION = YES;
				CLANG_WARN_OBJC_ROOT_CLASS = YES_ERROR;
				CLANG_WARN_SUSPICIOUS_MOVE = YES;
				CLANG_WARN_UNREACHABLE_CODE = YES;
				CLANG_WARN__DUPLICATE_METHOD_MATCH = YES;
				"CODE_SIGN_IDENTITY[sdk=iphoneos*]" = "iPhone Developer";
				COPY_PHASE_STRIP = NO;
				DEBUG_INFORMATION_FORMAT = dwarf;
				ENABLE_STRICT_OBJC_MSGSEND = YES;
				ENABLE_TESTABILITY = YES;
				GCC_C_LANGUAGE_STANDARD = gnu99;
				GCC_DYNAMIC_NO_PIC = NO;
				GCC_NO_COMMON_BLOCKS = YES;
				GCC_OPTIMIZATION_LEVEL = 0;
				GCC_PREPROCESSOR_DEFINITIONS = (
					"DEBUG=1",
					"$(inherited)",
				);
				GCC_WARN_64_TO_32_BIT_CONVERSION = YES;
				GCC_WARN_ABOUT_RETURN_TYPE = YES_ERROR;
				GCC_WARN_UNDECLARED_SELECTOR = YES;
				GCC_WARN_UNINITIALIZED_AUTOS = YES_AGGRESSIVE;
				GCC_WARN_UNUSED_FUNCTION = YES;
				GCC_WARN_UNUSED_VARIABLE = YES;
				IPHONEOS_DEPLOYMENT_TARGET = 10.2;
				MTL_ENABLE_DEBUG_INFO = YES;
				ONLY_ACTIVE_ARCH = YES;
				SDKROOT = iphoneos;
				SWIFT_ACTIVE_COMPILATION_CONDITIONS = DEBUG;
				SWIFT_OPTIMIZATION_LEVEL = "-Onone";
			};
			name = Debug;
		};
		AD7609C11E6F35B90018B050 /* Release */ = {
			isa = XCBuildConfiguration;
			buildSettings = {
				ALWAYS_SEARCH_USER_PATHS = NO;
				CLANG_ANALYZER_NONNULL = YES;
				CLANG_CXX_LANGUAGE_STANDARD = "gnu++0x";
				CLANG_CXX_LIBRARY = "libc++";
				CLANG_ENABLE_MODULES = YES;
				CLANG_ENABLE_OBJC_ARC = YES;
				CLANG_WARN_BOOL_CONVERSION = YES;
				CLANG_WARN_CONSTANT_CONVERSION = YES;
				CLANG_WARN_DIRECT_OBJC_ISA_USAGE = YES_ERROR;
				CLANG_WARN_DOCUMENTATION_COMMENTS = YES;
				CLANG_WARN_EMPTY_BODY = YES;
				CLANG_WARN_ENUM_CONVERSION = YES;
				CLANG_WARN_INFINITE_RECURSION = YES;
				CLANG_WARN_INT_CONVERSION = YES;
				CLANG_WARN_OBJC_ROOT_CLASS = YES_ERROR;
				CLANG_WARN_SUSPICIOUS_MOVE = YES;
				CLANG_WARN_UNREACHABLE_CODE = YES;
				CLANG_WARN__DUPLICATE_METHOD_MATCH = YES;
				"CODE_SIGN_IDENTITY[sdk=iphoneos*]" = "iPhone Developer";
				COPY_PHASE_STRIP = NO;
				DEBUG_INFORMATION_FORMAT = "dwarf-with-dsym";
				ENABLE_NS_ASSERTIONS = NO;
				ENABLE_STRICT_OBJC_MSGSEND = YES;
				GCC_C_LANGUAGE_STANDARD = gnu99;
				GCC_NO_COMMON_BLOCKS = YES;
				GCC_WARN_64_TO_32_BIT_CONVERSION = YES;
				GCC_WARN_ABOUT_RETURN_TYPE = YES_ERROR;
				GCC_WARN_UNDECLARED_SELECTOR = YES;
				GCC_WARN_UNINITIALIZED_AUTOS = YES_AGGRESSIVE;
				GCC_WARN_UNUSED_FUNCTION = YES;
				GCC_WARN_UNUSED_VARIABLE = YES;
				IPHONEOS_DEPLOYMENT_TARGET = 10.2;
				MTL_ENABLE_DEBUG_INFO = NO;
				SDKROOT = iphoneos;
				SWIFT_OPTIMIZATION_LEVEL = "-Owholemodule";
				VALIDATE_PRODUCT = YES;
			};
			name = Release;
		};
		AD7609C31E6F35B90018B050 /* Debug */ = {
			isa = XCBuildConfiguration;
			buildSettings = {
				ASSETCATALOG_COMPILER_APPICON_NAME = AppIcon;
				INFOPLIST_FILE = "Tip Calculator/Info.plist";
				LD_RUNPATH_SEARCH_PATHS = "$(inherited) @executable_path/Frameworks";
				PRODUCT_BUNDLE_IDENTIFIER = "com.Swathi.Tip-Calculator";
				PRODUCT_NAME = "$(TARGET_NAME)";
				SWIFT_VERSION = 3.0;
			};
			name = Debug;
		};
		AD7609C41E6F35B90018B050 /* Release */ = {
			isa = XCBuildConfiguration;
			buildSettings = {
				ASSETCATALOG_COMPILER_APPICON_NAME = AppIcon;
				INFOPLIST_FILE = "Tip Calculator/Info.plist";
				LD_RUNPATH_SEARCH_PATHS = "$(inherited) @executable_path/Frameworks";
				PRODUCT_BUNDLE_IDENTIFIER = "com.Swathi.Tip-Calculator";
				PRODUCT_NAME = "$(TARGET_NAME)";
				SWIFT_VERSION = 3.0;
			};
			name = Release;
		};
		AD7609C61E6F35B90018B050 /* Debug */ = {
			isa = XCBuildConfiguration;
			buildSettings = {
				ALWAYS_EMBED_SWIFT_STANDARD_LIBRARIES = YES;
				BUNDLE_LOADER = "$(TEST_HOST)";
				INFOPLIST_FILE = "Tip CalculatorTests/Info.plist";
				LD_RUNPATH_SEARCH_PATHS = "$(inherited) @executable_path/Frameworks @loader_path/Frameworks";
				PRODUCT_BUNDLE_IDENTIFIER = "com.Swathi.Tip-CalculatorTests";
				PRODUCT_NAME = "$(TARGET_NAME)";
				SWIFT_VERSION = 3.0;
				TEST_HOST = "$(BUILT_PRODUCTS_DIR)/Tip Calculator.app/Tip Calculator";
			};
			name = Debug;
		};
		AD7609C71E6F35B90018B050 /* Release */ = {
			isa = XCBuildConfiguration;
			buildSettings = {
				ALWAYS_EMBED_SWIFT_STANDARD_LIBRARIES = YES;
				BUNDLE_LOADER = "$(TEST_HOST)";
				INFOPLIST_FILE = "Tip CalculatorTests/Info.plist";
				LD_RUNPATH_SEARCH_PATHS = "$(inherited) @executable_path/Frameworks @loader_path/Frameworks";
				PRODUCT_BUNDLE_IDENTIFIER = "com.Swathi.Tip-CalculatorTests";
				PRODUCT_NAME = "$(TARGET_NAME)";
				SWIFT_VERSION = 3.0;
				TEST_HOST = "$(BUILT_PRODUCTS_DIR)/Tip Calculator.app/Tip Calculator";
			};
			name = Release;
		};
		AD7609C91E6F35B90018B050 /* Debug */ = {
			isa = XCBuildConfiguration;
			buildSettings = {
				ALWAYS_EMBED_SWIFT_STANDARD_LIBRARIES = YES;
				INFOPLIST_FILE = "Tip CalculatorUITests/Info.plist";
				LD_RUNPATH_SEARCH_PATHS = "$(inherited) @executable_path/Frameworks @loader_path/Frameworks";
				PRODUCT_BUNDLE_IDENTIFIER = "com.Swathi.Tip-CalculatorUITests";
				PRODUCT_NAME = "$(TARGET_NAME)";
				SWIFT_VERSION = 3.0;
				TEST_TARGET_NAME = "Tip Calculator";
			};
			name = Debug;
		};
		AD7609CA1E6F35B90018B050 /* Release */ = {
			isa = XCBuildConfiguration;
			buildSettings = {
				ALWAYS_EMBED_SWIFT_STANDARD_LIBRARIES = YES;
				INFOPLIST_FILE = "Tip CalculatorUITests/Info.plist";
				LD_RUNPATH_SEARCH_PATHS = "$(inherited) @executable_path/Frameworks @loader_path/Frameworks";
				PRODUCT_BUNDLE_IDENTIFIER = "com.Swathi.Tip-CalculatorUITests";
				PRODUCT_NAME = "$(TARGET_NAME)";
				SWIFT_VERSION = 3.0;
				TEST_TARGET_NAME = "Tip Calculator";
			};
			name = Release;
		};
/* End XCBuildConfiguration section */

/* Begin XCConfigurationList section */
		AD7609951E6F35B90018B050 /* Build configuration list for PBXProject "Tip Calculator" */ = {
			isa = XCConfigurationList;
			buildConfigurations = (
				AD7609C01E6F35B90018B050 /* Debug */,
				AD7609C11E6F35B90018B050 /* Release */,
			);
			defaultConfigurationIsVisible = 0;
			defaultConfigurationName = Release;
		};
		AD7609C21E6F35B90018B050 /* Build configuration list for PBXNativeTarget "Tip Calculator" */ = {
			isa = XCConfigurationList;
			buildConfigurations = (
				AD7609C31E6F35B90018B050 /* Debug */,
				AD7609C41E6F35B90018B050 /* Release */,
			);
			defaultConfigurationIsVisible = 0;
			defaultConfigurationName = Release;
		};
		AD7609C51E6F35B90018B050 /* Build configuration list for PBXNativeTarget "Tip CalculatorTests" */ = {
			isa = XCConfigurationList;
			buildConfigurations = (
				AD7609C61E6F35B90018B050 /* Debug */,
				AD7609C71E6F35B90018B050 /* Release */,
			);
			defaultConfigurationIsVisible = 0;
			defaultConfigurationName = Release;
		};
		AD7609C81E6F35B90018B050 /* Build configuration list for PBXNativeTarget "Tip CalculatorUITests" */ = {
			isa = XCConfigurationList;
			buildConfigurations = (
				AD7609C91E6F35B90018B050 /* Debug */,
				AD7609CA1E6F35B90018B050 /* Release */,
			);
			defaultConfigurationIsVisible = 0;
			defaultConfigurationName = Release;
		};
/* End XCConfigurationList section */
	};
	rootObject = AD7609921E6F35B90018B050 /* Project object */;
}
